
Microsoft Visual Studio Solution File, Format Version 12.00
# Visual Studio Version 17
VisualStudioVersion = 17.14.36408.4 d17.14
MinimumVisualStudioVersion = 10.0.40219.1
Project("{FAE04EC0-301F-11D3-BF4B-00C04F79EFBC}") = "backend", "backend\backend.csproj", "{B77000DF-29C0-4B46-8EB9-BEAB8E5BD2B3}"
EndProject
Global
	GlobalSection(SolutionConfigurationPlatforms) = preSolution
		Debug|Any CPU = Debug|Any CPU
		Release|Any CPU = Release|Any CPU
	EndGlobalSection
	GlobalSection(ProjectConfigurationPlatforms) = postSolution
		{B77000DF-29C0-4B46-8EB9-BEAB8E5BD2B3}.Debug|Any CPU.ActiveCfg = Debug|Any CPU
		{B77000DF-29C0-4B46-8EB9-BEAB8E5BD2B3}.Debug|Any CPU.Build.0 = Debug|Any CPU
		{B77000DF-29C0-4B46-8EB9-BEAB8E5BD2B3}.Release|Any CPU.ActiveCfg = Release|Any CPU
		{B77000DF-29C0-4B46-8EB9-BEAB8E5BD2B3}.Release|Any CPU.Build.0 = Release|Any CPU
	EndGlobalSection
	GlobalSection(SolutionProperties) = preSolution
		HideSolutionNode = FALSE
	EndGlobalSection
	GlobalSection(ExtensibilityGlobals) = postSolution
		SolutionGuid = {D00B6C5D-2CF7-4326-9C98-67B3AE1F5583}
	EndGlobalSection
EndGlobal
